
Microsoft Visual Studio Solution File, Format Version 12.00
# Visual Studio 14
VisualStudioVersion = 14.0.25420.1
MinimumVisualStudioVersion = 10.0.40219.1
Project("{FAE04EC0-301F-11D3-BF4B-00C04F79EFBC}") = "Kamsar.WebConsole", "Kamsar.WebConsole\Kamsar.WebConsole.csproj", "{0B067AB0-984E-4781-93FE-FAB7919EE0CF}"
EndProject
Project("{2150E333-8FDC-42A3-9474-1A3956D46DE8}") = "Solution Items", "Solution Items", "{6FE2551C-065A-4A9F-BB76-5979964B4059}"
	ProjectSection(SolutionItems) = preProject
		LICENSE.txt = LICENSE.txt
	EndProjectSection
EndProject
Project("{FAE04EC0-301F-11D3-BF4B-00C04F79EFBC}") = "Kamsar.WebConsole.MvcSamples", "Kamsar.WebConsole.MvcSamples\Kamsar.WebConsole.MvcSamples.csproj", "{46C7C779-AFF2-4FF1-B9BA-FDA2BDC37A21}"
EndProject
Global
	GlobalSection(SolutionConfigurationPlatforms) = preSolution
		Debug|Any CPU = Debug|Any CPU
		Release|Any CPU = Release|Any CPU
	EndGlobalSection
	GlobalSection(ProjectConfigurationPlatforms) = postSolution
		{0B067AB0-984E-4781-93FE-FAB7919EE0CF}.Debug|Any CPU.ActiveCfg = Debug|Any CPU
		{0B067AB0-984E-4781-93FE-FAB7919EE0CF}.Debug|Any CPU.Build.0 = Debug|Any CPU
		{0B067AB0-984E-4781-93FE-FAB7919EE0CF}.Release|Any CPU.ActiveCfg = Release|Any CPU
		{0B067AB0-984E-4781-93FE-FAB7919EE0CF}.Release|Any CPU.Build.0 = Release|Any CPU
		{46C7C779-AFF2-4FF1-B9BA-FDA2BDC37A21}.Debug|Any CPU.ActiveCfg = Debug|Any CPU
		{46C7C779-AFF2-4FF1-B9BA-FDA2BDC37A21}.Debug|Any CPU.Build.0 = Debug|Any CPU
		{46C7C779-AFF2-4FF1-B9BA-FDA2BDC37A21}.Release|Any CPU.ActiveCfg = Release|Any CPU
		{46C7C779-AFF2-4FF1-B9BA-FDA2BDC37A21}.Release|Any CPU.Build.0 = Release|Any CPU
	EndGlobalSection
	GlobalSection(SolutionProperties) = preSolution
		HideSolutionNode = FALSE
	EndGlobalSection
EndGlobal
